
Microsoft Visual Studio Solution File, Format Version 12.00
# Visual Studio Version 17
VisualStudioVersion = 17.1.32421.90
MinimumVisualStudioVersion = 10.0.40219.1
Project("{FAE04EC0-301F-11D3-BF4B-00C04F79EFBC}") = "Shared", "Shared\Shared.csproj", "{F90E1C48-2930-4EDF-B9CF-40F04A68C6D0}"
EndProject
Project("{2150E333-8FDC-42A3-9474-1A3956D46DE8}") = "Solution Items", "Solution Items", "{40CAB89A-DDB2-4C77-A859-98866352E2E4}"
	ProjectSection(SolutionItems) = preProject
		.editorconfig = .editorconfig
	EndProjectSection
EndProject
Global
	GlobalSection(SolutionConfigurationPlatforms) = preSolution
		Debug|Any CPU = Debug|Any CPU
		Release|Any CPU = Release|Any CPU
	EndGlobalSection
	GlobalSection(ProjectConfigurationPlatforms) = postSolution
		{F90E1C48-2930-4EDF-B9CF-40F04A68C6D0}.Debug|Any CPU.ActiveCfg = Debug|Any CPU
		{F90E1C48-2930-4EDF-B9CF-40F04A68C6D0}.Debug|Any CPU.Build.0 = Debug|Any CPU
		{F90E1C48-2930-4EDF-B9CF-40F04A68C6D0}.Release|Any CPU.ActiveCfg = Release|Any CPU
		{F90E1C48-2930-4EDF-B9CF-40F04A68C6D0}.Release|Any CPU.Build.0 = Release|Any CPU
	EndGlobalSection
	GlobalSection(SolutionProperties) = preSolution
		HideSolutionNode = FALSE
	EndGlobalSection
	GlobalSection(ExtensibilityGlobals) = postSolution
		SolutionGuid = {27C4C289-EA99-4A0B-9F08-7DC39B66714F}
	EndGlobalSection
EndGlobal
