
Microsoft Visual Studio Solution File, Format Version 12.00
# Visual Studio Version 17
VisualStudioVersion = 17.1.32421.90
MinimumVisualStudioVersion = 10.0.40219.1
Project("{2150E333-8FDC-42A3-9474-1A3956D46DE8}") = "Solution Items", "Solution Items", "{40CAB89A-DDB2-4C77-A859-98866352E2E4}"
	ProjectSection(SolutionItems) = preProject
		.editorconfig = .editorconfig
	EndProjectSection
EndProject
Project("{9A19103F-16F7-4668-BE54-9A1E7A4F7556}") = "Shared.Test", "Shared.Test\Shared.Test.csproj", "{9F1C36CC-5431-494E-ADA3-CA344AF669B8}"
EndProject
Project("{9A19103F-16F7-4668-BE54-9A1E7A4F7556}") = "Shared.Cache", "Shared.Cache\Shared.Cache.csproj", "{2CC345BA-AC4F-442D-9C53-9993AE69E870}"
EndProject
Project("{FAE04EC0-301F-11D3-BF4B-00C04F79EFBC}") = "gitViwe.Shared", "gitViwe.Shared\gitViwe.Shared.csproj", "{4054E02E-8717-4838-89CD-9C36A7E45EB0}"
EndProject
Global
	GlobalSection(SolutionConfigurationPlatforms) = preSolution
		Debug|Any CPU = Debug|Any CPU
		Release|Any CPU = Release|Any CPU
	EndGlobalSection
	GlobalSection(ProjectConfigurationPlatforms) = postSolution
		{9F1C36CC-5431-494E-ADA3-CA344AF669B8}.Debug|Any CPU.ActiveCfg = Debug|Any CPU
		{9F1C36CC-5431-494E-ADA3-CA344AF669B8}.Debug|Any CPU.Build.0 = Debug|Any CPU
		{9F1C36CC-5431-494E-ADA3-CA344AF669B8}.Release|Any CPU.ActiveCfg = Release|Any CPU
		{9F1C36CC-5431-494E-ADA3-CA344AF669B8}.Release|Any CPU.Build.0 = Release|Any CPU
		{2CC345BA-AC4F-442D-9C53-9993AE69E870}.Debug|Any CPU.ActiveCfg = Debug|Any CPU
		{2CC345BA-AC4F-442D-9C53-9993AE69E870}.Debug|Any CPU.Build.0 = Debug|Any CPU
		{2CC345BA-AC4F-442D-9C53-9993AE69E870}.Release|Any CPU.ActiveCfg = Release|Any CPU
		{2CC345BA-AC4F-442D-9C53-9993AE69E870}.Release|Any CPU.Build.0 = Release|Any CPU
		{4054E02E-8717-4838-89CD-9C36A7E45EB0}.Debug|Any CPU.ActiveCfg = Debug|Any CPU
		{4054E02E-8717-4838-89CD-9C36A7E45EB0}.Debug|Any CPU.Build.0 = Debug|Any CPU
		{4054E02E-8717-4838-89CD-9C36A7E45EB0}.Release|Any CPU.ActiveCfg = Release|Any CPU
		{4054E02E-8717-4838-89CD-9C36A7E45EB0}.Release|Any CPU.Build.0 = Release|Any CPU
	EndGlobalSection
	GlobalSection(SolutionProperties) = preSolution
		HideSolutionNode = FALSE
	EndGlobalSection
	GlobalSection(ExtensibilityGlobals) = postSolution
		SolutionGuid = {27C4C289-EA99-4A0B-9F08-7DC39B66714F}
	EndGlobalSection
EndGlobal
