
Microsoft Visual Studio Solution File, Format Version 12.00
# Visual Studio Version 17
VisualStudioVersion = 17.1.32421.90
MinimumVisualStudioVersion = 10.0.40219.1
Project("{2150E333-8FDC-42A3-9474-1A3956D46DE8}") = "Solution Items", "Solution Items", "{40CAB89A-DDB2-4C77-A859-98866352E2E4}"
	ProjectSection(SolutionItems) = preProject
		.editorconfig = .editorconfig
	EndProjectSection
EndProject
Project("{9A19103F-16F7-4668-BE54-9A1E7A4F7556}") = "Shared.Test", "Shared.Test\Shared.Test.csproj", "{9F1C36CC-5431-494E-ADA3-CA344AF669B8}"
EndProject
Project("{9A19103F-16F7-4668-BE54-9A1E7A4F7556}") = "gitViwe.Shared", "gitViwe.Shared\gitViwe.Shared.csproj", "{4054E02E-8717-4838-89CD-9C36A7E45EB0}"
EndProject
Project("{9A19103F-16F7-4668-BE54-9A1E7A4F7556}") = "gitViwe.Shared.Cache", "gitViwe.Shared.Cache\gitViwe.Shared.Cache.csproj", "{4C9E215D-F761-4D29-B8F1-6ED6F686C031}"
EndProject
Project("{9A19103F-16F7-4668-BE54-9A1E7A4F7556}") = "gitViwe.Shared.Extension", "gitViwe.Shared.Extension\gitViwe.Shared.Extension.csproj", "{30D0FF74-858B-4954-8914-3C4D3401145F}"
EndProject
Project("{9A19103F-16F7-4668-BE54-9A1E7A4F7556}") = "gitViwe.Shared.ProblemDetail", "gitViwe.Shared.ProblemDetail\gitViwe.Shared.ProblemDetail.csproj", "{E296E481-16C7-4E29-AE80-5C4E2195AE43}"
EndProject
Project("{9A19103F-16F7-4668-BE54-9A1E7A4F7556}") = "gitViwe.Shared.ProblemDetail.Extension", "gitViwe.Shared.ProblemDetail.Extension\gitViwe.Shared.ProblemDetail.Extension.csproj", "{7808C523-8422-49D0-8DD1-EED9D68B969A}"
EndProject
Project("{9A19103F-16F7-4668-BE54-9A1E7A4F7556}") = "gitViwe.Shared.MongoDB", "gitViwe.Shared.MongoDB\gitViwe.Shared.MongoDB.csproj", "{16B4E79D-B2A5-43D7-AAC8-453F1261E8B5}"
EndProject
Project("{9A19103F-16F7-4668-BE54-9A1E7A4F7556}") = "gitViwe.Shared.Model", "gitViwe.Shared.Model\gitViwe.Shared.Model.csproj", "{31D20D82-0180-4631-9BDC-21130F091EF4}"
EndProject
Project("{9A19103F-16F7-4668-BE54-9A1E7A4F7556}") = "gitViwe.Shared.FluentValidation", "gitViwe.Shared.FluentValidation\gitViwe.Shared.FluentValidation.csproj", "{CDE720AF-1CE3-49B8-A0FC-27561DF35743}"
EndProject
Project("{9A19103F-16F7-4668-BE54-9A1E7A4F7556}") = "gitViwe.Shared.Imgbb", "gitViwe.Shared.Imgbb\gitViwe.Shared.Imgbb.csproj", "{BD95E80F-3D66-48D8-928D-03EB40EA429E}"
EndProject
Project("{9A19103F-16F7-4668-BE54-9A1E7A4F7556}") = "gitViwe.Shared.TimeBasedOneTimePassword", "gitViwe.Shared.TimeBasedOneTimePassword\gitViwe.Shared.TimeBasedOneTimePassword.csproj", "{DBDEE049-C2DC-4E0F-BD5C-C577A55CFB85}"
EndProject
Project("{9A19103F-16F7-4668-BE54-9A1E7A4F7556}") = "gitViwe.Shared.JsonWebToken", "gitViwe.Shared.JsonWebToken\gitViwe.Shared.JsonWebToken.csproj", "{D845381C-C89B-436A-AD80-5955D2672EB3}"
EndProject
Project("{9A19103F-16F7-4668-BE54-9A1E7A4F7556}") = "gitViwe.Shared.Sqids", "gitViwe.Shared.Sqids\gitViwe.Shared.Sqids.csproj", "{6AA1299C-E23E-47BD-9E81-9E70BBA1A6C0}"
EndProject
Project("{9A19103F-16F7-4668-BE54-9A1E7A4F7556}") = "gitViwe.Shared.Sqids.MediatR", "gitViwe.Shared.Sqids.MediatR\gitViwe.Shared.Sqids.MediatR.csproj", "{1452F966-A59E-44AA-ADD8-F7F5087EA5D8}"
EndProject
Project("{9A19103F-16F7-4668-BE54-9A1E7A4F7556}") = "gitViwe.Shared.OpenTelemetry", "gitViwe.Shared.OpenTelemetry\gitViwe.Shared.OpenTelemetry.csproj", "{162C61E7-2F3A-4F1C-97A9-EEE4120CF762}"
EndProject
Project("{9A19103F-16F7-4668-BE54-9A1E7A4F7556}") = "gitViwe.Shared.OpenTelemetry.MediatR", "gitViwe.Shared.OpenTelemetry.MediatR\gitViwe.Shared.OpenTelemetry.MediatR.csproj", "{E3BAD048-85C8-47EC-913C-F902B374CDBB}"
EndProject
Project("{9A19103F-16F7-4668-BE54-9A1E7A4F7556}") = "gitViwe.Shared.ProblemDetail.AspNetCore", "gitViwe.Shared.ProblemDetail.AspNetCore\gitViwe.Shared.ProblemDetail.AspNetCore.csproj", "{D78EA687-C5CC-4EF2-86CE-45CC92A11E8B}"
EndProject
Global
	GlobalSection(SolutionConfigurationPlatforms) = preSolution
		Debug|Any CPU = Debug|Any CPU
		Release|Any CPU = Release|Any CPU
	EndGlobalSection
	GlobalSection(ProjectConfigurationPlatforms) = postSolution
		{9F1C36CC-5431-494E-ADA3-CA344AF669B8}.Debug|Any CPU.ActiveCfg = Debug|Any CPU
		{9F1C36CC-5431-494E-ADA3-CA344AF669B8}.Debug|Any CPU.Build.0 = Debug|Any CPU
		{9F1C36CC-5431-494E-ADA3-CA344AF669B8}.Release|Any CPU.ActiveCfg = Release|Any CPU
		{9F1C36CC-5431-494E-ADA3-CA344AF669B8}.Release|Any CPU.Build.0 = Release|Any CPU
		{4054E02E-8717-4838-89CD-9C36A7E45EB0}.Debug|Any CPU.ActiveCfg = Debug|Any CPU
		{4054E02E-8717-4838-89CD-9C36A7E45EB0}.Debug|Any CPU.Build.0 = Debug|Any CPU
		{4054E02E-8717-4838-89CD-9C36A7E45EB0}.Release|Any CPU.ActiveCfg = Release|Any CPU
		{4054E02E-8717-4838-89CD-9C36A7E45EB0}.Release|Any CPU.Build.0 = Release|Any CPU
		{4C9E215D-F761-4D29-B8F1-6ED6F686C031}.Debug|Any CPU.ActiveCfg = Debug|Any CPU
		{4C9E215D-F761-4D29-B8F1-6ED6F686C031}.Debug|Any CPU.Build.0 = Debug|Any CPU
		{4C9E215D-F761-4D29-B8F1-6ED6F686C031}.Release|Any CPU.ActiveCfg = Release|Any CPU
		{4C9E215D-F761-4D29-B8F1-6ED6F686C031}.Release|Any CPU.Build.0 = Release|Any CPU
		{30D0FF74-858B-4954-8914-3C4D3401145F}.Debug|Any CPU.ActiveCfg = Debug|Any CPU
		{30D0FF74-858B-4954-8914-3C4D3401145F}.Debug|Any CPU.Build.0 = Debug|Any CPU
		{30D0FF74-858B-4954-8914-3C4D3401145F}.Release|Any CPU.ActiveCfg = Release|Any CPU
		{30D0FF74-858B-4954-8914-3C4D3401145F}.Release|Any CPU.Build.0 = Release|Any CPU
		{E296E481-16C7-4E29-AE80-5C4E2195AE43}.Debug|Any CPU.ActiveCfg = Debug|Any CPU
		{E296E481-16C7-4E29-AE80-5C4E2195AE43}.Debug|Any CPU.Build.0 = Debug|Any CPU
		{E296E481-16C7-4E29-AE80-5C4E2195AE43}.Release|Any CPU.ActiveCfg = Release|Any CPU
		{E296E481-16C7-4E29-AE80-5C4E2195AE43}.Release|Any CPU.Build.0 = Release|Any CPU
		{7808C523-8422-49D0-8DD1-EED9D68B969A}.Debug|Any CPU.ActiveCfg = Debug|Any CPU
		{7808C523-8422-49D0-8DD1-EED9D68B969A}.Debug|Any CPU.Build.0 = Debug|Any CPU
		{7808C523-8422-49D0-8DD1-EED9D68B969A}.Release|Any CPU.ActiveCfg = Release|Any CPU
		{7808C523-8422-49D0-8DD1-EED9D68B969A}.Release|Any CPU.Build.0 = Release|Any CPU
		{16B4E79D-B2A5-43D7-AAC8-453F1261E8B5}.Debug|Any CPU.ActiveCfg = Debug|Any CPU
		{16B4E79D-B2A5-43D7-AAC8-453F1261E8B5}.Debug|Any CPU.Build.0 = Debug|Any CPU
		{16B4E79D-B2A5-43D7-AAC8-453F1261E8B5}.Release|Any CPU.ActiveCfg = Release|Any CPU
		{16B4E79D-B2A5-43D7-AAC8-453F1261E8B5}.Release|Any CPU.Build.0 = Release|Any CPU
		{31D20D82-0180-4631-9BDC-21130F091EF4}.Debug|Any CPU.ActiveCfg = Debug|Any CPU
		{31D20D82-0180-4631-9BDC-21130F091EF4}.Debug|Any CPU.Build.0 = Debug|Any CPU
		{31D20D82-0180-4631-9BDC-21130F091EF4}.Release|Any CPU.ActiveCfg = Release|Any CPU
		{31D20D82-0180-4631-9BDC-21130F091EF4}.Release|Any CPU.Build.0 = Release|Any CPU
		{CDE720AF-1CE3-49B8-A0FC-27561DF35743}.Debug|Any CPU.ActiveCfg = Debug|Any CPU
		{CDE720AF-1CE3-49B8-A0FC-27561DF35743}.Debug|Any CPU.Build.0 = Debug|Any CPU
		{CDE720AF-1CE3-49B8-A0FC-27561DF35743}.Release|Any CPU.ActiveCfg = Release|Any CPU
		{CDE720AF-1CE3-49B8-A0FC-27561DF35743}.Release|Any CPU.Build.0 = Release|Any CPU
		{BD95E80F-3D66-48D8-928D-03EB40EA429E}.Debug|Any CPU.ActiveCfg = Debug|Any CPU
		{BD95E80F-3D66-48D8-928D-03EB40EA429E}.Debug|Any CPU.Build.0 = Debug|Any CPU
		{BD95E80F-3D66-48D8-928D-03EB40EA429E}.Release|Any CPU.ActiveCfg = Release|Any CPU
		{BD95E80F-3D66-48D8-928D-03EB40EA429E}.Release|Any CPU.Build.0 = Release|Any CPU
		{DBDEE049-C2DC-4E0F-BD5C-C577A55CFB85}.Debug|Any CPU.ActiveCfg = Debug|Any CPU
		{DBDEE049-C2DC-4E0F-BD5C-C577A55CFB85}.Debug|Any CPU.Build.0 = Debug|Any CPU
		{DBDEE049-C2DC-4E0F-BD5C-C577A55CFB85}.Release|Any CPU.ActiveCfg = Release|Any CPU
		{DBDEE049-C2DC-4E0F-BD5C-C577A55CFB85}.Release|Any CPU.Build.0 = Release|Any CPU
		{D845381C-C89B-436A-AD80-5955D2672EB3}.Debug|Any CPU.ActiveCfg = Debug|Any CPU
		{D845381C-C89B-436A-AD80-5955D2672EB3}.Debug|Any CPU.Build.0 = Debug|Any CPU
		{D845381C-C89B-436A-AD80-5955D2672EB3}.Release|Any CPU.ActiveCfg = Release|Any CPU
		{D845381C-C89B-436A-AD80-5955D2672EB3}.Release|Any CPU.Build.0 = Release|Any CPU
		{6AA1299C-E23E-47BD-9E81-9E70BBA1A6C0}.Debug|Any CPU.ActiveCfg = Debug|Any CPU
		{6AA1299C-E23E-47BD-9E81-9E70BBA1A6C0}.Debug|Any CPU.Build.0 = Debug|Any CPU
		{6AA1299C-E23E-47BD-9E81-9E70BBA1A6C0}.Release|Any CPU.ActiveCfg = Release|Any CPU
		{6AA1299C-E23E-47BD-9E81-9E70BBA1A6C0}.Release|Any CPU.Build.0 = Release|Any CPU
		{1452F966-A59E-44AA-ADD8-F7F5087EA5D8}.Debug|Any CPU.ActiveCfg = Debug|Any CPU
		{1452F966-A59E-44AA-ADD8-F7F5087EA5D8}.Debug|Any CPU.Build.0 = Debug|Any CPU
		{1452F966-A59E-44AA-ADD8-F7F5087EA5D8}.Release|Any CPU.ActiveCfg = Release|Any CPU
		{1452F966-A59E-44AA-ADD8-F7F5087EA5D8}.Release|Any CPU.Build.0 = Release|Any CPU
		{162C61E7-2F3A-4F1C-97A9-EEE4120CF762}.Debug|Any CPU.ActiveCfg = Debug|Any CPU
		{162C61E7-2F3A-4F1C-97A9-EEE4120CF762}.Debug|Any CPU.Build.0 = Debug|Any CPU
		{162C61E7-2F3A-4F1C-97A9-EEE4120CF762}.Release|Any CPU.ActiveCfg = Release|Any CPU
		{162C61E7-2F3A-4F1C-97A9-EEE4120CF762}.Release|Any CPU.Build.0 = Release|Any CPU
		{E3BAD048-85C8-47EC-913C-F902B374CDBB}.Debug|Any CPU.ActiveCfg = Debug|Any CPU
		{E3BAD048-85C8-47EC-913C-F902B374CDBB}.Debug|Any CPU.Build.0 = Debug|Any CPU
		{E3BAD048-85C8-47EC-913C-F902B374CDBB}.Release|Any CPU.ActiveCfg = Release|Any CPU
		{E3BAD048-85C8-47EC-913C-F902B374CDBB}.Release|Any CPU.Build.0 = Release|Any CPU
		{D78EA687-C5CC-4EF2-86CE-45CC92A11E8B}.Debug|Any CPU.ActiveCfg = Debug|Any CPU
		{D78EA687-C5CC-4EF2-86CE-45CC92A11E8B}.Debug|Any CPU.Build.0 = Debug|Any CPU
		{D78EA687-C5CC-4EF2-86CE-45CC92A11E8B}.Release|Any CPU.ActiveCfg = Release|Any CPU
		{D78EA687-C5CC-4EF2-86CE-45CC92A11E8B}.Release|Any CPU.Build.0 = Release|Any CPU
	EndGlobalSection
	GlobalSection(SolutionProperties) = preSolution
		HideSolutionNode = FALSE
	EndGlobalSection
	GlobalSection(ExtensibilityGlobals) = postSolution
		SolutionGuid = {27C4C289-EA99-4A0B-9F08-7DC39B66714F}
	EndGlobalSection
EndGlobal
